
Microsoft Visual Studio Solution File, Format Version 12.00
# Visual Studio Version 17
VisualStudioVersion = 17.0.31903.59
MinimumVisualStudioVersion = 10.0.40219.1
Project("{FAE04EC0-301F-11D3-BF4B-00C04F79EFBC}") = "Domain", "Domain\Domain.csproj", "{32C36CCD-0015-4FD4-9F17-A68D6CE51443}"
EndProject
Project("{FAE04EC0-301F-11D3-BF4B-00C04F79EFBC}") = "Infrastructure", "Infrastructure\Infrastructure.csproj", "{1AA4F42A-F9F0-44CC-9CC9-70C267A427BF}"
EndProject
Project("{FAE04EC0-301F-11D3-BF4B-00C04F79EFBC}") = "Web", "Web\Web.csproj", "{55183314-D426-4B5D-9606-999602B76A83}"
EndProject
Global
	GlobalSection(SolutionConfigurationPlatforms) = preSolution
		Debug|Any CPU = Debug|Any CPU
		Release|Any CPU = Release|Any CPU
	EndGlobalSection
	GlobalSection(SolutionProperties) = preSolution
		HideSolutionNode = FALSE
	EndGlobalSection
	GlobalSection(ProjectConfigurationPlatforms) = postSolution
		{32C36CCD-0015-4FD4-9F17-A68D6CE51443}.Debug|Any CPU.ActiveCfg = Debug|Any CPU
		{32C36CCD-0015-4FD4-9F17-A68D6CE51443}.Debug|Any CPU.Build.0 = Debug|Any CPU
		{32C36CCD-0015-4FD4-9F17-A68D6CE51443}.Release|Any CPU.ActiveCfg = Release|Any CPU
		{32C36CCD-0015-4FD4-9F17-A68D6CE51443}.Release|Any CPU.Build.0 = Release|Any CPU
		{1AA4F42A-F9F0-44CC-9CC9-70C267A427BF}.Debug|Any CPU.ActiveCfg = Debug|Any CPU
		{1AA4F42A-F9F0-44CC-9CC9-70C267A427BF}.Debug|Any CPU.Build.0 = Debug|Any CPU
		{1AA4F42A-F9F0-44CC-9CC9-70C267A427BF}.Release|Any CPU.ActiveCfg = Release|Any CPU
		{1AA4F42A-F9F0-44CC-9CC9-70C267A427BF}.Release|Any CPU.Build.0 = Release|Any CPU
		{55183314-D426-4B5D-9606-999602B76A83}.Debug|Any CPU.ActiveCfg = Debug|Any CPU
		{55183314-D426-4B5D-9606-999602B76A83}.Debug|Any CPU.Build.0 = Debug|Any CPU
		{55183314-D426-4B5D-9606-999602B76A83}.Release|Any CPU.ActiveCfg = Release|Any CPU
		{55183314-D426-4B5D-9606-999602B76A83}.Release|Any CPU.Build.0 = Release|Any CPU
	EndGlobalSection
EndGlobal
